
Microsoft Visual Studio Solution File, Format Version 12.00
# Visual Studio Version 16
VisualStudioVersion = 16.0.29613.14
MinimumVisualStudioVersion = 10.0.40219.1
Project("{FAE04EC0-301F-11D3-BF4B-00C04F79EFBC}") = "TennisLegend.WebApp", "TennisLegend\TennisLegend.WebApp.csproj", "{005D369D-5D2A-4C0E-839A-5957052D335E}"
EndProject
Project("{FAE04EC0-301F-11D3-BF4B-00C04F79EFBC}") = "TennisLegend.Data", "TennisLegend.Data\TennisLegend.Data.csproj", "{D50A483C-22F3-4717-AB69-E7F2E8F45D16}"
EndProject
Global
	GlobalSection(SolutionConfigurationPlatforms) = preSolution
		Debug|Any CPU = Debug|Any CPU
		Release|Any CPU = Release|Any CPU
	EndGlobalSection
	GlobalSection(ProjectConfigurationPlatforms) = postSolution
		{005D369D-5D2A-4C0E-839A-5957052D335E}.Debug|Any CPU.ActiveCfg = Debug|Any CPU
		{005D369D-5D2A-4C0E-839A-5957052D335E}.Debug|Any CPU.Build.0 = Debug|Any CPU
		{005D369D-5D2A-4C0E-839A-5957052D335E}.Release|Any CPU.ActiveCfg = Release|Any CPU
		{005D369D-5D2A-4C0E-839A-5957052D335E}.Release|Any CPU.Build.0 = Release|Any CPU
		{D50A483C-22F3-4717-AB69-E7F2E8F45D16}.Debug|Any CPU.ActiveCfg = Debug|Any CPU
		{D50A483C-22F3-4717-AB69-E7F2E8F45D16}.Debug|Any CPU.Build.0 = Debug|Any CPU
		{D50A483C-22F3-4717-AB69-E7F2E8F45D16}.Release|Any CPU.ActiveCfg = Release|Any CPU
		{D50A483C-22F3-4717-AB69-E7F2E8F45D16}.Release|Any CPU.Build.0 = Release|Any CPU
	EndGlobalSection
	GlobalSection(SolutionProperties) = preSolution
		HideSolutionNode = FALSE
	EndGlobalSection
	GlobalSection(ExtensibilityGlobals) = postSolution
		SolutionGuid = {32A6445B-ACC1-4D99-95DE-E0B8281404AD}
	EndGlobalSection
EndGlobal
